
Microsoft Visual Studio Solution File, Format Version 12.00
# Visual Studio Version 16
VisualStudioVersion = 16.0.29609.76
MinimumVisualStudioVersion = 10.0.40219.1
Project("{FAE04EC0-301F-11D3-BF4B-00C04F79EFBC}") = "AsalSayıÖdev", "AsalSayıÖdev\AsalSayıÖdev.csproj", "{D4E213B5-988E-4E07-8976-1A83D50087CC}"
EndProject
Global
	GlobalSection(SolutionConfigurationPlatforms) = preSolution
		Debug|Any CPU = Debug|Any CPU
		Release|Any CPU = Release|Any CPU
	EndGlobalSection
	GlobalSection(ProjectConfigurationPlatforms) = postSolution
		{D4E213B5-988E-4E07-8976-1A83D50087CC}.Debug|Any CPU.ActiveCfg = Debug|Any CPU
		{D4E213B5-988E-4E07-8976-1A83D50087CC}.Debug|Any CPU.Build.0 = Debug|Any CPU
		{D4E213B5-988E-4E07-8976-1A83D50087CC}.Release|Any CPU.ActiveCfg = Release|Any CPU
		{D4E213B5-988E-4E07-8976-1A83D50087CC}.Release|Any CPU.Build.0 = Release|Any CPU
	EndGlobalSection
	GlobalSection(SolutionProperties) = preSolution
		HideSolutionNode = FALSE
	EndGlobalSection
	GlobalSection(ExtensibilityGlobals) = postSolution
		SolutionGuid = {5D65C141-D5E2-4C3C-9D46-3627FEA04D20}
	EndGlobalSection
EndGlobal
